{
  "requires": true,
  "lockfileVersion": 1,
  "dependencies": {
    "angular-tree-grid": {
      "version": "3.0.1",
      "resolved": "https://registry.npmjs.org/angular-tree-grid/-/angular-tree-grid-3.0.1.tgz",
      "integrity": "sha512-gMoQ2IJcbB1WrPhtQQdlJbYAq2tWOBZx/qWmtO7Ma9toQBUQf1CRA2X7VkPodh0yJ3anDU+uEfSUTl/ZYJhpuA==",
      "requires": {
        "tslib": "^2.0.0"
      }
    },
    "tslib": {
      "version": "2.3.1",
      "resolved": "https://registry.npmjs.org/tslib/-/tslib-2.3.1.tgz",
      "integrity": "sha512-77EbyPPpMz+FRFRuAFlWMtmgUWGe9UOG2Z25NqCwiIjRhOf5iKGuzSe5P2w1laq+FkRy4p+PCuVkJSGkzTEKVw=="
    }
  }
}
